
Microsoft Visual Studio Solution File, Format Version 12.00
# Visual Studio Version 17
VisualStudioVersion = 17.14.36202.13
MinimumVisualStudioVersion = 10.0.40219.1
Project("{2150E333-8FDC-42A3-9474-1A3956D46DE8}") = "Bootstrapper", "Bootstrapper", "{02EA681E-C7D8-13C7-8484-4AC65E1B71E8}"
EndProject
Project("{2150E333-8FDC-42A3-9474-1A3956D46DE8}") = "Modules", "Modules", "{D9521402-D5F4-4CFC-83BB-A44A4D3F39CD}"
EndProject
Project("{2150E333-8FDC-42A3-9474-1A3956D46DE8}") = "Shared", "Shared", "{DD3CD5F7-630B-4C72-A8A4-9F37CA005CDF}"
EndProject
Project("{2150E333-8FDC-42A3-9474-1A3956D46DE8}") = "Solution Items", "Solution Items", "{8EC462FD-D22E-90A8-E5CE-7E832BA40C5D}"
	ProjectSection(SolutionItems) = preProject
		README.md = README.md
	EndProjectSection
EndProject
Project("{FAE04EC0-301F-11D3-BF4B-00C04F79EFBC}") = "Api", "Bootstrapper\Api\Api.csproj", "{4C639D68-FA18-4268-B889-98C7FFAD5E96}"
EndProject
Project("{2150E333-8FDC-42A3-9474-1A3956D46DE8}") = "Basket", "Basket", "{0F32680B-9691-4D4D-A7ED-384AD2E3933B}"
EndProject
Project("{2150E333-8FDC-42A3-9474-1A3956D46DE8}") = "Catalog", "Catalog", "{94CC7225-1706-4829-8703-A3EA1D2E7258}"
EndProject
Project("{2150E333-8FDC-42A3-9474-1A3956D46DE8}") = "Ordering", "Ordering", "{F43F67C3-7684-4736-BD8A-65533B07FCB4}"
EndProject
Project("{FAE04EC0-301F-11D3-BF4B-00C04F79EFBC}") = "Catalog", "Modules\Catalog\Catalog\Catalog.csproj", "{57AC7EB7-5772-4798-8FBE-0F667BDCD4F1}"
EndProject
Project("{FAE04EC0-301F-11D3-BF4B-00C04F79EFBC}") = "Basket", "Modules\Basket\Basket\Basket.csproj", "{CE729D3C-E7B4-485A-8B76-9376B680AF5B}"
EndProject
Project("{FAE04EC0-301F-11D3-BF4B-00C04F79EFBC}") = "Ordering", "Modules\Ordering\Ordering\Ordering.csproj", "{FE8F6F91-C1F3-4B81-9AFD-76EA3F535228}"
EndProject
Project("{FAE04EC0-301F-11D3-BF4B-00C04F79EFBC}") = "Shared", "Shared\Shared\Shared.csproj", "{0A01DA92-C8CB-4C84-A01D-669E18E55B09}"
EndProject
Project("{E53339B2-1760-4266-BCC7-CA923CBCF16C}") = "docker-compose", "docker-compose.dcproj", "{81DDED9D-158B-E303-5F62-77A2896D2A5A}"
EndProject
Global
	GlobalSection(SolutionConfigurationPlatforms) = preSolution
		Debug|Any CPU = Debug|Any CPU
		Release|Any CPU = Release|Any CPU
	EndGlobalSection
	GlobalSection(ProjectConfigurationPlatforms) = postSolution
		{4C639D68-FA18-4268-B889-98C7FFAD5E96}.Debug|Any CPU.ActiveCfg = Debug|Any CPU
		{4C639D68-FA18-4268-B889-98C7FFAD5E96}.Debug|Any CPU.Build.0 = Debug|Any CPU
		{4C639D68-FA18-4268-B889-98C7FFAD5E96}.Release|Any CPU.ActiveCfg = Release|Any CPU
		{4C639D68-FA18-4268-B889-98C7FFAD5E96}.Release|Any CPU.Build.0 = Release|Any CPU
		{57AC7EB7-5772-4798-8FBE-0F667BDCD4F1}.Debug|Any CPU.ActiveCfg = Debug|Any CPU
		{57AC7EB7-5772-4798-8FBE-0F667BDCD4F1}.Debug|Any CPU.Build.0 = Debug|Any CPU
		{57AC7EB7-5772-4798-8FBE-0F667BDCD4F1}.Release|Any CPU.ActiveCfg = Release|Any CPU
		{57AC7EB7-5772-4798-8FBE-0F667BDCD4F1}.Release|Any CPU.Build.0 = Release|Any CPU
		{CE729D3C-E7B4-485A-8B76-9376B680AF5B}.Debug|Any CPU.ActiveCfg = Debug|Any CPU
		{CE729D3C-E7B4-485A-8B76-9376B680AF5B}.Debug|Any CPU.Build.0 = Debug|Any CPU
		{CE729D3C-E7B4-485A-8B76-9376B680AF5B}.Release|Any CPU.ActiveCfg = Release|Any CPU
		{CE729D3C-E7B4-485A-8B76-9376B680AF5B}.Release|Any CPU.Build.0 = Release|Any CPU
		{FE8F6F91-C1F3-4B81-9AFD-76EA3F535228}.Debug|Any CPU.ActiveCfg = Debug|Any CPU
		{FE8F6F91-C1F3-4B81-9AFD-76EA3F535228}.Debug|Any CPU.Build.0 = Debug|Any CPU
		{FE8F6F91-C1F3-4B81-9AFD-76EA3F535228}.Release|Any CPU.ActiveCfg = Release|Any CPU
		{FE8F6F91-C1F3-4B81-9AFD-76EA3F535228}.Release|Any CPU.Build.0 = Release|Any CPU
		{0A01DA92-C8CB-4C84-A01D-669E18E55B09}.Debug|Any CPU.ActiveCfg = Debug|Any CPU
		{0A01DA92-C8CB-4C84-A01D-669E18E55B09}.Debug|Any CPU.Build.0 = Debug|Any CPU
		{0A01DA92-C8CB-4C84-A01D-669E18E55B09}.Release|Any CPU.ActiveCfg = Release|Any CPU
		{0A01DA92-C8CB-4C84-A01D-669E18E55B09}.Release|Any CPU.Build.0 = Release|Any CPU
		{81DDED9D-158B-E303-5F62-77A2896D2A5A}.Debug|Any CPU.ActiveCfg = Debug|Any CPU
		{81DDED9D-158B-E303-5F62-77A2896D2A5A}.Debug|Any CPU.Build.0 = Debug|Any CPU
		{81DDED9D-158B-E303-5F62-77A2896D2A5A}.Release|Any CPU.ActiveCfg = Release|Any CPU
		{81DDED9D-158B-E303-5F62-77A2896D2A5A}.Release|Any CPU.Build.0 = Release|Any CPU
	EndGlobalSection
	GlobalSection(SolutionProperties) = preSolution
		HideSolutionNode = FALSE
	EndGlobalSection
	GlobalSection(NestedProjects) = preSolution
		{4C639D68-FA18-4268-B889-98C7FFAD5E96} = {02EA681E-C7D8-13C7-8484-4AC65E1B71E8}
		{0F32680B-9691-4D4D-A7ED-384AD2E3933B} = {D9521402-D5F4-4CFC-83BB-A44A4D3F39CD}
		{94CC7225-1706-4829-8703-A3EA1D2E7258} = {D9521402-D5F4-4CFC-83BB-A44A4D3F39CD}
		{F43F67C3-7684-4736-BD8A-65533B07FCB4} = {D9521402-D5F4-4CFC-83BB-A44A4D3F39CD}
		{57AC7EB7-5772-4798-8FBE-0F667BDCD4F1} = {94CC7225-1706-4829-8703-A3EA1D2E7258}
		{CE729D3C-E7B4-485A-8B76-9376B680AF5B} = {0F32680B-9691-4D4D-A7ED-384AD2E3933B}
		{FE8F6F91-C1F3-4B81-9AFD-76EA3F535228} = {F43F67C3-7684-4736-BD8A-65533B07FCB4}
		{0A01DA92-C8CB-4C84-A01D-669E18E55B09} = {DD3CD5F7-630B-4C72-A8A4-9F37CA005CDF}
	EndGlobalSection
	GlobalSection(ExtensibilityGlobals) = postSolution
		SolutionGuid = {7FF9F220-80DD-4DF5-A108-DACA7D19556A}
	EndGlobalSection
EndGlobal
